{
  "name": "common",
  "version": "1.0.0",
  "lockfileVersion": 2,
  "requires": true,
  "packages": {
    "": {
      "name": "common",
      "version": "1.0.0",
      "license": "ISC",
      "dependencies": {
        "zod": "^3.22.2"
      }
    },
    "node_modules/zod": {
      "version": "3.22.2",
      "resolved": "https://registry.npmjs.org/zod/-/zod-3.22.2.tgz",
      "integrity": "sha512-wvWkphh5WQsJbVk1tbx1l1Ly4yg+XecD+Mq280uBGt9wa5BKSWf4Mhp6GmrkPixhMxmabYY7RbzlwVP32pbGCg==",
      "funding": {
        "url": "https://github.com/sponsors/colinhacks"
      }
    }
  },
  "dependencies": {
    "zod": {
      "version": "3.22.2",
      "resolved": "https://registry.npmjs.org/zod/-/zod-3.22.2.tgz",
      "integrity": "sha512-wvWkphh5WQsJbVk1tbx1l1Ly4yg+XecD+Mq280uBGt9wa5BKSWf4Mhp6GmrkPixhMxmabYY7RbzlwVP32pbGCg=="
    }
  }
}
